
Microsoft Visual Studio Solution File, Format Version 12.00
# Visual Studio Version 17
VisualStudioVersion = 17.3.32825.248
MinimumVisualStudioVersion = 10.0.40219.1
Project("{FAE04EC0-301F-11D3-BF4B-00C04F79EFBC}") = "ShoppingList", "ShoppingList\ShoppingList.csproj", "{D7E128F4-74C9-4BFE-A345-700C512DA394}"
EndProject
Global
	GlobalSection(SolutionConfigurationPlatforms) = preSolution
		Debug|Any CPU = Debug|Any CPU
		Release|Any CPU = Release|Any CPU
	EndGlobalSection
	GlobalSection(ProjectConfigurationPlatforms) = postSolution
		{D7E128F4-74C9-4BFE-A345-700C512DA394}.Debug|Any CPU.ActiveCfg = Debug|Any CPU
		{D7E128F4-74C9-4BFE-A345-700C512DA394}.Debug|Any CPU.Build.0 = Debug|Any CPU
		{D7E128F4-74C9-4BFE-A345-700C512DA394}.Release|Any CPU.ActiveCfg = Release|Any CPU
		{D7E128F4-74C9-4BFE-A345-700C512DA394}.Release|Any CPU.Build.0 = Release|Any CPU
	EndGlobalSection
	GlobalSection(SolutionProperties) = preSolution
		HideSolutionNode = FALSE
	EndGlobalSection
	GlobalSection(ExtensibilityGlobals) = postSolution
		SolutionGuid = {FDDBACFC-B0C0-413D-A1A9-06D0AB612E2E}
	EndGlobalSection
EndGlobal
